{
  "name": "sebalo",
  "version": "1.0.0",
  "lockfileVersion": 2,
  "requires": true,
  "packages": {
    "": {
      "name": "sebalo",
      "version": "1.0.0",
      "license": "ISC",
      "dependencies": {
        "axios": "^0.26.1",
        "bancho.js": "^0.9.7",
        "dotenv": "^16.0.0",
        "node-fetch": "^3.2.3",
        "osu-catch-stable": "^2.1.2",
        "osu-mania-stable": "^2.1.2",
        "osu-parsers": "^2.0.8",
        "osu-standard-stable": "^2.2.4",
        "osu-taiko-stable": "^2.1.2"
      },
      "devDependencies": {
        "@types/node": "^17.0.23"
      }
    },
    "node_modules/@types/node": {
      "version": "17.0.23",
      "resolved": "https://registry.npmjs.org/@types/node/-/node-17.0.23.tgz",
      "integrity": "sha512-UxDxWn7dl97rKVeVS61vErvw086aCYhDLyvRQZ5Rk65rZKepaFdm53GeqXaKBuOhED4e9uWq34IC3TdSdJJ2Gw==",
      "dev": true
    },
    "node_modules/axios": {
      "version": "0.26.1",
      "resolved": "https://registry.npmjs.org/axios/-/axios-0.26.1.tgz",
      "integrity": "sha512-fPwcX4EvnSHuInCMItEhAGnaSEXRBjtzh9fOtsE6E1G6p7vl7edEeZe11QHf18+6+9gR5PbKV/sGKNaD8YaMeA==",
      "dependencies": {
        "follow-redirects": "^1.14.8"
      }
    },
    "node_modules/bancho.js": {
      "version": "0.9.7",
      "resolved": "https://registry.npmjs.org/bancho.js/-/bancho.js-0.9.7.tgz",
      "integrity": "sha512-0W08wnmzWWg+Pyqi2RSrPFrrYJcj8zZNRnrTSUZunxnQOXRQavx9bdZXEe6uF4l3WShzoo8aeYjrZrgZnvdcHg==",
      "dependencies": {
        "nodesu": "^0.7.2"
      }
    },
    "node_modules/data-uri-to-buffer": {
      "version": "4.0.0",
      "resolved": "https://registry.npmjs.org/data-uri-to-buffer/-/data-uri-to-buffer-4.0.0.tgz",
      "integrity": "sha512-Vr3mLBA8qWmcuschSLAOogKgQ/Jwxulv3RNE4FXnYWRGujzrRWQI4m12fQqRkwX06C0KanhLr4hK+GydchZsaA==",
      "engines": {
        "node": ">= 12"
      }
    },
    "node_modules/dotenv": {
      "version": "16.0.0",
      "resolved": "https://registry.npmjs.org/dotenv/-/dotenv-16.0.0.tgz",
      "integrity": "sha512-qD9WU0MPM4SWLPJy/r2Be+2WgQj8plChsyrCNQzW/0WjvcJQiKQJ9mH3ZgB3fxbUUxgc/11ZJ0Fi5KiimWGz2Q==",
      "engines": {
        "node": ">=12"
      }
    },
    "node_modules/fetch-blob": {
      "version": "3.1.5",
      "resolved": "https://registry.npmjs.org/fetch-blob/-/fetch-blob-3.1.5.tgz",
      "integrity": "sha512-N64ZpKqoLejlrwkIAnb9iLSA3Vx/kjgzpcDhygcqJ2KKjky8nCgUQ+dzXtbrLaWZGZNmNfQTsiQ0weZ1svglHg==",
      "funding": [
        {
          "type": "github",
          "url": "https://github.com/sponsors/jimmywarting"
        },
        {
          "type": "paypal",
          "url": "https://paypal.me/jimmywarting"
        }
      ],
      "dependencies": {
        "node-domexception": "^1.0.0",
        "web-streams-polyfill": "^3.0.3"
      },
      "engines": {
        "node": "^12.20 || >= 14.13"
      }
    },
    "node_modules/follow-redirects": {
      "version": "1.14.9",
      "resolved": "https://registry.npmjs.org/follow-redirects/-/follow-redirects-1.14.9.tgz",
      "integrity": "sha512-MQDfihBQYMcyy5dhRDJUHcw7lb2Pv/TuE6xP1vyraLukNDHKbDxDNaOE3NbCAdKQApno+GPRyo1YAp89yCjK4w==",
      "funding": [
        {
          "type": "individual",
          "url": "https://github.com/sponsors/RubenVerborgh"
        }
      ],
      "engines": {
        "node": ">=4.0"
      },
      "peerDependenciesMeta": {
        "debug": {
          "optional": true
        }
      }
    },
    "node_modules/formdata-polyfill": {
      "version": "4.0.10",
      "resolved": "https://registry.npmjs.org/formdata-polyfill/-/formdata-polyfill-4.0.10.tgz",
      "integrity": "sha512-buewHzMvYL29jdeQTVILecSaZKnt/RJWjoZCF5OW60Z67/GmSLBkOFM7qh1PI3zFNtJbaZL5eQu1vLfazOwj4g==",
      "dependencies": {
        "fetch-blob": "^3.1.2"
      },
      "engines": {
        "node": ">=12.20.0"
      }
    },
    "node_modules/limiter": {
      "version": "1.1.5",
      "resolved": "https://registry.npmjs.org/limiter/-/limiter-1.1.5.tgz",
      "integrity": "sha512-FWWMIEOxz3GwUI4Ts/IvgVy6LPvoMPgjMdQ185nN6psJyBJ4yOpzqm695/h5umdLJg2vW3GR5iG11MAkR2AzJA=="
    },
    "node_modules/node-domexception": {
      "version": "1.0.0",
      "resolved": "https://registry.npmjs.org/node-domexception/-/node-domexception-1.0.0.tgz",
      "integrity": "sha512-/jKZoMpw0F8GRwl4/eLROPA3cfcXtLApP0QzLmUT/HuPCZWyB7IY9ZrMeKw2O/nFIqPQB3PVM9aYm0F312AXDQ==",
      "funding": [
        {
          "type": "github",
          "url": "https://github.com/sponsors/jimmywarting"
        },
        {
          "type": "github",
          "url": "https://paypal.me/jimmywarting"
        }
      ],
      "engines": {
        "node": ">=10.5.0"
      }
    },
    "node_modules/node-fetch": {
      "version": "3.2.3",
      "resolved": "https://registry.npmjs.org/node-fetch/-/node-fetch-3.2.3.tgz",
      "integrity": "sha512-AXP18u4pidSZ1xYXRDPY/8jdv3RAozIt/WLNR/MBGZAz+xjtlr90RvCnsvHQRiXyWliZF/CpytExp32UU67/SA==",
      "dependencies": {
        "data-uri-to-buffer": "^4.0.0",
        "fetch-blob": "^3.1.4",
        "formdata-polyfill": "^4.0.10"
      },
      "engines": {
        "node": "^12.20.0 || ^14.13.1 || >=16.0.0"
      },
      "funding": {
        "type": "opencollective",
        "url": "https://opencollective.com/node-fetch"
      }
    },
    "node_modules/nodesu": {
      "version": "0.7.3",
      "resolved": "https://registry.npmjs.org/nodesu/-/nodesu-0.7.3.tgz",
      "integrity": "sha512-RTHkaRyt+alXkzp8TDH1r4dtkp38jeqFyGgFBCT6uSqcGIOUdh7EqghwN1PrcGVqTjPPjWUCnqoNay+JOMw3bg==",
      "dependencies": {
        "limiter": "^1.1.0"
      },
      "engines": {
        "node": ">=4.0.0"
      }
    },
    "node_modules/osu-catch-stable": {
      "version": "2.1.2",
      "resolved": "https://registry.npmjs.org/osu-catch-stable/-/osu-catch-stable-2.1.2.tgz",
      "integrity": "sha512-ndG013Pd4jwGrWSEBC+z91azHZIO2hRjoUU7wmjTicS2n/jVlIaNQWkkU6sdZHjsbI9bnEeuav9NXYFmYB4ZIA==",
      "dependencies": {
        "osu-classes": "^0.5.0"
      }
    },
    "node_modules/osu-classes": {
      "version": "0.5.3",
      "resolved": "https://registry.npmjs.org/osu-classes/-/osu-classes-0.5.3.tgz",
      "integrity": "sha512-h9QoTfcXa2HwLHYnyU8xXvmr5VVIjx6ADXclS/DyKLXf/2Y1uQC9a5rXfz2axDHei6NQTluhTZu7KmlM2ej6GQ=="
    },
    "node_modules/osu-mania-stable": {
      "version": "2.1.2",
      "resolved": "https://registry.npmjs.org/osu-mania-stable/-/osu-mania-stable-2.1.2.tgz",
      "integrity": "sha512-P2VcqFvaey5ESi5PCSAnVB/gpnjXQ1eecJIkFSMONEDSO+P4XNL5N1W3yH7F+LRgTvBXfJf9HZQ7TlLOtxFqSQ==",
      "dependencies": {
        "osu-classes": "^0.5.0"
      }
    },
    "node_modules/osu-parsers": {
      "version": "2.0.8",
      "resolved": "https://registry.npmjs.org/osu-parsers/-/osu-parsers-2.0.8.tgz",
      "integrity": "sha512-iBheFZikTqoFAgvNNm1eU0BqvXEK67rK1tO2AvHy+TmHa7V0OHeq1zjUS5Z0S9FAtC8i8PHlbmCvw/o9wCc7FQ==",
      "dependencies": {
        "osu-classes": "^0.5.3"
      }
    },
    "node_modules/osu-standard-stable": {
      "version": "2.2.4",
      "resolved": "https://registry.npmjs.org/osu-standard-stable/-/osu-standard-stable-2.2.4.tgz",
      "integrity": "sha512-3TOY11aPo6I0MWCGMIMN4toVTjzwoqW3FyvP426awykKny+DeLT1WMIbgyikg07aTa+TXcvsnoMgoX2aEgTwLQ==",
      "dependencies": {
        "osu-classes": "^0.5.0"
      }
    },
    "node_modules/osu-taiko-stable": {
      "version": "2.1.2",
      "resolved": "https://registry.npmjs.org/osu-taiko-stable/-/osu-taiko-stable-2.1.2.tgz",
      "integrity": "sha512-edy3vwQuUAmTT5+jKkCF+/BrdWucBBokCmxWjGJdD91oVrt+Lf/DUBduWP03DHzl3fomujT9Hg1NOCw47HCXHg==",
      "dependencies": {
        "osu-classes": "^0.5.0"
      }
    },
    "node_modules/web-streams-polyfill": {
      "version": "3.2.1",
      "resolved": "https://registry.npmjs.org/web-streams-polyfill/-/web-streams-polyfill-3.2.1.tgz",
      "integrity": "sha512-e0MO3wdXWKrLbL0DgGnUV7WHVuw9OUvL4hjgnPkIeEvESk74gAITi5G606JtZPp39cd8HA9VQzCIvA49LpPN5Q==",
      "engines": {
        "node": ">= 8"
      }
    }
  },
  "dependencies": {
    "@types/node": {
      "version": "17.0.23",
      "resolved": "https://registry.npmjs.org/@types/node/-/node-17.0.23.tgz",
      "integrity": "sha512-UxDxWn7dl97rKVeVS61vErvw086aCYhDLyvRQZ5Rk65rZKepaFdm53GeqXaKBuOhED4e9uWq34IC3TdSdJJ2Gw==",
      "dev": true
    },
    "axios": {
      "version": "0.26.1",
      "resolved": "https://registry.npmjs.org/axios/-/axios-0.26.1.tgz",
      "integrity": "sha512-fPwcX4EvnSHuInCMItEhAGnaSEXRBjtzh9fOtsE6E1G6p7vl7edEeZe11QHf18+6+9gR5PbKV/sGKNaD8YaMeA==",
      "requires": {
        "follow-redirects": "^1.14.8"
      }
    },
    "bancho.js": {
      "version": "0.9.7",
      "resolved": "https://registry.npmjs.org/bancho.js/-/bancho.js-0.9.7.tgz",
      "integrity": "sha512-0W08wnmzWWg+Pyqi2RSrPFrrYJcj8zZNRnrTSUZunxnQOXRQavx9bdZXEe6uF4l3WShzoo8aeYjrZrgZnvdcHg==",
      "requires": {
        "nodesu": "^0.7.2"
      }
    },
    "data-uri-to-buffer": {
      "version": "4.0.0",
      "resolved": "https://registry.npmjs.org/data-uri-to-buffer/-/data-uri-to-buffer-4.0.0.tgz",
      "integrity": "sha512-Vr3mLBA8qWmcuschSLAOogKgQ/Jwxulv3RNE4FXnYWRGujzrRWQI4m12fQqRkwX06C0KanhLr4hK+GydchZsaA=="
    },
    "dotenv": {
      "version": "16.0.0",
      "resolved": "https://registry.npmjs.org/dotenv/-/dotenv-16.0.0.tgz",
      "integrity": "sha512-qD9WU0MPM4SWLPJy/r2Be+2WgQj8plChsyrCNQzW/0WjvcJQiKQJ9mH3ZgB3fxbUUxgc/11ZJ0Fi5KiimWGz2Q=="
    },
    "fetch-blob": {
      "version": "3.1.5",
      "resolved": "https://registry.npmjs.org/fetch-blob/-/fetch-blob-3.1.5.tgz",
      "integrity": "sha512-N64ZpKqoLejlrwkIAnb9iLSA3Vx/kjgzpcDhygcqJ2KKjky8nCgUQ+dzXtbrLaWZGZNmNfQTsiQ0weZ1svglHg==",
      "requires": {
        "node-domexception": "^1.0.0",
        "web-streams-polyfill": "^3.0.3"
      }
    },
    "follow-redirects": {
      "version": "1.14.9",
      "resolved": "https://registry.npmjs.org/follow-redirects/-/follow-redirects-1.14.9.tgz",
      "integrity": "sha512-MQDfihBQYMcyy5dhRDJUHcw7lb2Pv/TuE6xP1vyraLukNDHKbDxDNaOE3NbCAdKQApno+GPRyo1YAp89yCjK4w=="
    },
    "formdata-polyfill": {
      "version": "4.0.10",
      "resolved": "https://registry.npmjs.org/formdata-polyfill/-/formdata-polyfill-4.0.10.tgz",
      "integrity": "sha512-buewHzMvYL29jdeQTVILecSaZKnt/RJWjoZCF5OW60Z67/GmSLBkOFM7qh1PI3zFNtJbaZL5eQu1vLfazOwj4g==",
      "requires": {
        "fetch-blob": "^3.1.2"
      }
    },
    "limiter": {
      "version": "1.1.5",
      "resolved": "https://registry.npmjs.org/limiter/-/limiter-1.1.5.tgz",
      "integrity": "sha512-FWWMIEOxz3GwUI4Ts/IvgVy6LPvoMPgjMdQ185nN6psJyBJ4yOpzqm695/h5umdLJg2vW3GR5iG11MAkR2AzJA=="
    },
    "node-domexception": {
      "version": "1.0.0",
      "resolved": "https://registry.npmjs.org/node-domexception/-/node-domexception-1.0.0.tgz",
      "integrity": "sha512-/jKZoMpw0F8GRwl4/eLROPA3cfcXtLApP0QzLmUT/HuPCZWyB7IY9ZrMeKw2O/nFIqPQB3PVM9aYm0F312AXDQ=="
    },
    "node-fetch": {
      "version": "3.2.3",
      "resolved": "https://registry.npmjs.org/node-fetch/-/node-fetch-3.2.3.tgz",
      "integrity": "sha512-AXP18u4pidSZ1xYXRDPY/8jdv3RAozIt/WLNR/MBGZAz+xjtlr90RvCnsvHQRiXyWliZF/CpytExp32UU67/SA==",
      "requires": {
        "data-uri-to-buffer": "^4.0.0",
        "fetch-blob": "^3.1.4",
        "formdata-polyfill": "^4.0.10"
      }
    },
    "nodesu": {
      "version": "0.7.3",
      "resolved": "https://registry.npmjs.org/nodesu/-/nodesu-0.7.3.tgz",
      "integrity": "sha512-RTHkaRyt+alXkzp8TDH1r4dtkp38jeqFyGgFBCT6uSqcGIOUdh7EqghwN1PrcGVqTjPPjWUCnqoNay+JOMw3bg==",
      "requires": {
        "limiter": "^1.1.0"
      }
    },
    "osu-catch-stable": {
      "version": "2.1.2",
      "resolved": "https://registry.npmjs.org/osu-catch-stable/-/osu-catch-stable-2.1.2.tgz",
      "integrity": "sha512-ndG013Pd4jwGrWSEBC+z91azHZIO2hRjoUU7wmjTicS2n/jVlIaNQWkkU6sdZHjsbI9bnEeuav9NXYFmYB4ZIA==",
      "requires": {
        "osu-classes": "^0.5.0"
      }
    },
    "osu-classes": {
      "version": "0.5.3",
      "resolved": "https://registry.npmjs.org/osu-classes/-/osu-classes-0.5.3.tgz",
      "integrity": "sha512-h9QoTfcXa2HwLHYnyU8xXvmr5VVIjx6ADXclS/DyKLXf/2Y1uQC9a5rXfz2axDHei6NQTluhTZu7KmlM2ej6GQ=="
    },
    "osu-mania-stable": {
      "version": "2.1.2",
      "resolved": "https://registry.npmjs.org/osu-mania-stable/-/osu-mania-stable-2.1.2.tgz",
      "integrity": "sha512-P2VcqFvaey5ESi5PCSAnVB/gpnjXQ1eecJIkFSMONEDSO+P4XNL5N1W3yH7F+LRgTvBXfJf9HZQ7TlLOtxFqSQ==",
      "requires": {
        "osu-classes": "^0.5.0"
      }
    },
    "osu-parsers": {
      "version": "2.0.8",
      "resolved": "https://registry.npmjs.org/osu-parsers/-/osu-parsers-2.0.8.tgz",
      "integrity": "sha512-iBheFZikTqoFAgvNNm1eU0BqvXEK67rK1tO2AvHy+TmHa7V0OHeq1zjUS5Z0S9FAtC8i8PHlbmCvw/o9wCc7FQ==",
      "requires": {
        "osu-classes": "^0.5.3"
      }
    },
    "osu-standard-stable": {
      "version": "2.2.4",
      "resolved": "https://registry.npmjs.org/osu-standard-stable/-/osu-standard-stable-2.2.4.tgz",
      "integrity": "sha512-3TOY11aPo6I0MWCGMIMN4toVTjzwoqW3FyvP426awykKny+DeLT1WMIbgyikg07aTa+TXcvsnoMgoX2aEgTwLQ==",
      "requires": {
        "osu-classes": "^0.5.0"
      }
    },
    "osu-taiko-stable": {
      "version": "2.1.2",
      "resolved": "https://registry.npmjs.org/osu-taiko-stable/-/osu-taiko-stable-2.1.2.tgz",
      "integrity": "sha512-edy3vwQuUAmTT5+jKkCF+/BrdWucBBokCmxWjGJdD91oVrt+Lf/DUBduWP03DHzl3fomujT9Hg1NOCw47HCXHg==",
      "requires": {
        "osu-classes": "^0.5.0"
      }
    },
    "web-streams-polyfill": {
      "version": "3.2.1",
      "resolved": "https://registry.npmjs.org/web-streams-polyfill/-/web-streams-polyfill-3.2.1.tgz",
      "integrity": "sha512-e0MO3wdXWKrLbL0DgGnUV7WHVuw9OUvL4hjgnPkIeEvESk74gAITi5G606JtZPp39cd8HA9VQzCIvA49LpPN5Q=="
    }
  }
}
